
Microsoft Visual Studio Solution File, Format Version 12.00
# Visual Studio 15
VisualStudioVersion = 15.0.28307.852
MinimumVisualStudioVersion = 10.0.40219.1
Project("{8BC9CEB8-8B4A-11D0-8D11-00A0C91BC942}") = "Tic Tac Toe", "Tic Tac Toe\Tic Tac Toe.vcxproj", "{63BCC02A-DECA-4CB7-9B11-7AF2319984DA}"
EndProject
Global
	GlobalSection(SolutionConfigurationPlatforms) = preSolution
		Debug|x64 = Debug|x64
		Debug|x86 = Debug|x86
		Release|x64 = Release|x64
		Release|x86 = Release|x86
	EndGlobalSection
	GlobalSection(ProjectConfigurationPlatforms) = postSolution
		{63BCC02A-DECA-4CB7-9B11-7AF2319984DA}.Debug|x64.ActiveCfg = Debug|x64
		{63BCC02A-DECA-4CB7-9B11-7AF2319984DA}.Debug|x64.Build.0 = Debug|x64
		{63BCC02A-DECA-4CB7-9B11-7AF2319984DA}.Debug|x86.ActiveCfg = Debug|Win32
		{63BCC02A-DECA-4CB7-9B11-7AF2319984DA}.Debug|x86.Build.0 = Debug|Win32
		{63BCC02A-DECA-4CB7-9B11-7AF2319984DA}.Release|x64.ActiveCfg = Release|x64
		{63BCC02A-DECA-4CB7-9B11-7AF2319984DA}.Release|x64.Build.0 = Release|x64
		{63BCC02A-DECA-4CB7-9B11-7AF2319984DA}.Release|x86.ActiveCfg = Release|Win32
		{63BCC02A-DECA-4CB7-9B11-7AF2319984DA}.Release|x86.Build.0 = Release|Win32
	EndGlobalSection
	GlobalSection(SolutionProperties) = preSolution
		HideSolutionNode = FALSE
	EndGlobalSection
	GlobalSection(ExtensibilityGlobals) = postSolution
		SolutionGuid = {7FE0B50F-EDF9-4479-9B46-3D3560BA796E}
	EndGlobalSection
EndGlobal
